
Microsoft Visual Studio Solution File, Format Version 11.00
# Visual Studio 2010
Project("{8BC9CEB8-8B4A-11D0-8D11-00A0C91BC942}") = "TropicalApartmentOpenGL3", "TropicalApartmentOpenGL3\TropicalApartmentOpenGL3.vcxproj", "{DB35CCD8-4F2B-4250-8058-A8509948D5D0}"
EndProject
Global
	GlobalSection(SolutionConfigurationPlatforms) = preSolution
		Debug|Win32 = Debug|Win32
		Release|Win32 = Release|Win32
	EndGlobalSection
	GlobalSection(ProjectConfigurationPlatforms) = postSolution
		{DB35CCD8-4F2B-4250-8058-A8509948D5D0}.Debug|Win32.ActiveCfg = Debug|Win32
		{DB35CCD8-4F2B-4250-8058-A8509948D5D0}.Debug|Win32.Build.0 = Debug|Win32
		{DB35CCD8-4F2B-4250-8058-A8509948D5D0}.Release|Win32.ActiveCfg = Release|Win32
		{DB35CCD8-4F2B-4250-8058-A8509948D5D0}.Release|Win32.Build.0 = Release|Win32
	EndGlobalSection
	GlobalSection(SolutionProperties) = preSolution
		HideSolutionNode = FALSE
	EndGlobalSection
EndGlobal
