<?xml version="1.0" encoding="utf-8"?>
<Project ToolsVersion="4.0" xmlns="http://schemas.microsoft.com/developer/msbuild/2003">
  <ItemGroup>
    <Filter Include="Source Files">
      <UniqueIdentifier>{4FC737F1-C7A5-4376-A066-2A32D752A2FF}</UniqueIdentifier>
      <Extensions>cpp;c;cc;cxx;def;odl;idl;hpj;bat;asm;asmx</Extensions>
    </Filter>
    <Filter Include="Header Files">
      <UniqueIdentifier>{93995380-89BD-4b04-88EB-625FBE52EBFB}</UniqueIdentifier>
      <Extensions>h;hpp;hxx;hm;inl;inc;xsd</Extensions>
    </Filter>
    <Filter Include="Header Files\Scene">
      <UniqueIdentifier>{171a2f0e-7410-413b-abe7-07dcafb2a9cb}</UniqueIdentifier>
    </Filter>
    <Filter Include="Header Files\Component">
      <UniqueIdentifier>{3cda6af4-2ae5-4f90-9049-f1c4d7fb9f03}</UniqueIdentifier>
    </Filter>
    <Filter Include="Source Files\Scene">
      <UniqueIdentifier>{fafba947-c79b-4bd7-9b6d-9f9f034f9834}</UniqueIdentifier>
    </Filter>
    <Filter Include="Source Files\Component">
      <UniqueIdentifier>{493dfafd-4454-41f6-92ab-1de31be8a297}</UniqueIdentifier>
    </Filter>
    <Filter Include="Header Files\Math">
      <UniqueIdentifier>{a205bb6b-613a-419a-be3f-1e9b123bf22b}</UniqueIdentifier>
    </Filter>
    <Filter Include="Header Files\Shader">
      <UniqueIdentifier>{85ad1378-81a5-40f3-aae5-1bb10dea258d}</UniqueIdentifier>
    </Filter>
    <Filter Include="Source Files\Shader">
      <UniqueIdentifier>{6246eace-7625-45fe-b359-92e27e69add5}</UniqueIdentifier>
    </Filter>
    <Filter Include="Header Files\Texture">
      <UniqueIdentifier>{966b95d2-5a23-435a-9ca2-03c8d073a6e8}</UniqueIdentifier>
    </Filter>
    <Filter Include="Source Files\Texture">
      <UniqueIdentifier>{2f5f81a4-f28e-44e9-a70f-bddee377e254}</UniqueIdentifier>
    </Filter>
    <Filter Include="Header Files\Model">
      <UniqueIdentifier>{265a479e-2e36-438c-ac38-a3efaf983404}</UniqueIdentifier>
    </Filter>
    <Filter Include="Source Files\Model">
      <UniqueIdentifier>{0926b93d-3501-40d2-b5d6-e3c7ec51b904}</UniqueIdentifier>
    </Filter>
    <Filter Include="Header Files\Light">
      <UniqueIdentifier>{c3c37159-54bb-41ca-aa26-40f763860402}</UniqueIdentifier>
    </Filter>
    <Filter Include="Source Files\Light">
      <UniqueIdentifier>{4005dc7e-284a-472f-a828-40bee7d26ced}</UniqueIdentifier>
    </Filter>
    <Filter Include="Header Files\DesignPatterns">
      <UniqueIdentifier>{ed411bf9-078c-4acb-986d-b591f70b2ebd}</UniqueIdentifier>
    </Filter>
    <Filter Include="Source Files\DesignPatterns">
      <UniqueIdentifier>{61efb164-730a-4166-a0fa-726664d86e36}</UniqueIdentifier>
    </Filter>
    <Filter Include="Header Files\Camera">
      <UniqueIdentifier>{90306306-5b42-458a-a65d-eebdf2e6af9d}</UniqueIdentifier>
    </Filter>
    <Filter Include="Source Files\Camera">
      <UniqueIdentifier>{8d1c254c-cba5-4a6a-bc73-0bb887a9c0c7}</UniqueIdentifier>
    </Filter>
    <Filter Include="Header Files\QtInterface">
      <UniqueIdentifier>{d63e3bc8-41b6-4f9a-aa0e-eaa6a2314078}</UniqueIdentifier>
    </Filter>
    <Filter Include="Source Files\QtInterface">
      <UniqueIdentifier>{5b24732b-7490-4f6f-a719-925ec1f61c45}</UniqueIdentifier>
    </Filter>
    <Filter Include="Shader Files">
      <UniqueIdentifier>{67DA6AB6-F800-4c08-8B7A-83BB121AAD01}</UniqueIdentifier>
      <Extensions>rc;ico;cur;bmp;dlg;rc2;rct;bin;rgs;gif;jpg;jpeg;jpe;resx;tiff;tif;png;wav;mfcribbon-ms</Extensions>
    </Filter>
    <Filter Include="Tests">
      <UniqueIdentifier>{a67a40cb-8178-4cb3-bbf5-d05881de1f57}</UniqueIdentifier>
    </Filter>
    <Filter Include="Tests\OglDevTut03">
      <UniqueIdentifier>{00d22e2e-5669-47a6-88f1-6cf467eccf4c}</UniqueIdentifier>
    </Filter>
    <Filter Include="Tests\OglDevTut03\Header Files">
      <UniqueIdentifier>{d0add7fb-ed35-4a05-8d82-971ec2d94ffe}</UniqueIdentifier>
    </Filter>
    <Filter Include="Tests\OglDevTut03\Source Files">
      <UniqueIdentifier>{33eb4ed1-0a55-477d-9557-08527374df71}</UniqueIdentifier>
    </Filter>
    <Filter Include="Tests\OglDevTut03\Shaders">
      <UniqueIdentifier>{784c86d1-fcae-4c3a-ab58-59709e10aa52}</UniqueIdentifier>
    </Filter>
    <Filter Include="Shader Files\Vertex Shader">
      <UniqueIdentifier>{e3a17d10-de3f-4efa-9355-99dbff994121}</UniqueIdentifier>
    </Filter>
    <Filter Include="Shader Files\Fragment Shader">
      <UniqueIdentifier>{d7298006-481f-4fd9-9d87-adbb1f147962}</UniqueIdentifier>
    </Filter>
  </ItemGroup>
  <ItemGroup>
    <ClCompile Include="Entity.cpp">
      <Filter>Source Files\Scene</Filter>
    </ClCompile>
    <ClCompile Include="Component.cpp">
      <Filter>Source Files\Component</Filter>
    </ClCompile>
    <ClCompile Include="TransformComponent.cpp">
      <Filter>Source Files\Scene</Filter>
    </ClCompile>
    <ClCompile Include="Material.cpp">
      <Filter>Source Files\Shader</Filter>
    </ClCompile>
    <ClCompile Include="RenderComponent.cpp">
      <Filter>Source Files\Shader</Filter>
    </ClCompile>
    <ClCompile Include="Shader.cpp">
      <Filter>Source Files\Shader</Filter>
    </ClCompile>
    <ClCompile Include="Main.cpp">
      <Filter>Source Files</Filter>
    </ClCompile>
    <ClCompile Include="Texture.cpp">
      <Filter>Source Files\Texture</Filter>
    </ClCompile>
    <ClCompile Include="Model.cpp">
      <Filter>Source Files\Model</Filter>
    </ClCompile>
    <ClCompile Include="ModelComponent.cpp">
      <Filter>Source Files\Model</Filter>
    </ClCompile>
    <ClCompile Include="LightComponent.cpp">
      <Filter>Source Files\Light</Filter>
    </ClCompile>
    <ClCompile Include="DirectionalLightComponent.cpp">
      <Filter>Source Files\Light</Filter>
    </ClCompile>
    <ClCompile Include="PointLightComponent.cpp">
      <Filter>Source Files\Light</Filter>
    </ClCompile>
    <ClCompile Include="SpotLightComponent.cpp">
      <Filter>Source Files\Light</Filter>
    </ClCompile>
    <ClCompile Include="SceneManager.cpp">
      <Filter>Source Files\Scene</Filter>
    </ClCompile>
    <ClCompile Include="ModelManager.cpp">
      <Filter>Source Files\Model</Filter>
    </ClCompile>
    <ClCompile Include="CameraComponent.cpp">
      <Filter>Source Files\Camera</Filter>
    </ClCompile>
    <ClCompile Include="TextureManager.cpp">
      <Filter>Source Files\Texture</Filter>
    </ClCompile>
    <ClCompile Include="ShaderManager.cpp">
      <Filter>Source Files\Shader</Filter>
    </ClCompile>
    <ClCompile Include="MaterialManager.cpp">
      <Filter>Source Files\Shader</Filter>
    </ClCompile>
    <ClCompile Include="Package.cpp">
      <Filter>Source Files\Scene</Filter>
    </ClCompile>
    <ClCompile Include="PackageManager.cpp">
      <Filter>Source Files\Scene</Filter>
    </ClCompile>
    <ClCompile Include="Level.cpp">
      <Filter>Source Files\Scene</Filter>
    </ClCompile>
    <ClCompile Include="LevelManager.cpp">
      <Filter>Source Files\Scene</Filter>
    </ClCompile>
    <ClCompile Include="OpenGLWidget.cpp">
      <Filter>Source Files\QtInterface</Filter>
    </ClCompile>
    <ClCompile Include="MainWindow.cpp">
      <Filter>Source Files\QtInterface</Filter>
    </ClCompile>
    <ClCompile Include="ModelBuilder.cpp">
      <Filter>Source Files\Model</Filter>
    </ClCompile>
    <ClCompile Include="OglDevTut03.cpp">
      <Filter>Tests\OglDevTut03\Source Files</Filter>
    </ClCompile>
    <ClCompile Include="LightController.cpp">
      <Filter>Source Files\Light</Filter>
    </ClCompile>
    <ClCompile Include="ModelController.cpp">
      <Filter>Source Files\Model</Filter>
    </ClCompile>
    <ClCompile Include="InitializeLevel_03.cpp">
      <Filter>Tests\OglDevTut03\Source Files</Filter>
    </ClCompile>
  </ItemGroup>
  <ItemGroup>
    <ClInclude Include="Entity.h">
      <Filter>Header Files\Scene</Filter>
    </ClInclude>
    <ClInclude Include="Component.h">
      <Filter>Header Files\Component</Filter>
    </ClInclude>
    <ClInclude Include="_Component.h">
      <Filter>Header Files\Component</Filter>
    </ClInclude>
    <ClInclude Include="TransformComponent.h">
      <Filter>Header Files\Scene</Filter>
    </ClInclude>
    <ClInclude Include="_Scene.h">
      <Filter>Header Files\Scene</Filter>
    </ClInclude>
    <ClInclude Include="_Math.h">
      <Filter>Header Files\Math</Filter>
    </ClInclude>
    <ClInclude Include="_Shader.h">
      <Filter>Header Files\Shader</Filter>
    </ClInclude>
    <ClInclude Include="RenderComponent.h">
      <Filter>Header Files\Shader</Filter>
    </ClInclude>
    <ClInclude Include="Shader.h">
      <Filter>Header Files\Shader</Filter>
    </ClInclude>
    <ClInclude Include="Material.h">
      <Filter>Header Files\Shader</Filter>
    </ClInclude>
    <ClInclude Include="_Texture.h">
      <Filter>Header Files\Texture</Filter>
    </ClInclude>
    <ClInclude Include="Texture.h">
      <Filter>Header Files\Texture</Filter>
    </ClInclude>
    <ClInclude Include="_Model.h">
      <Filter>Header Files\Model</Filter>
    </ClInclude>
    <ClInclude Include="Model.h">
      <Filter>Header Files\Model</Filter>
    </ClInclude>
    <ClInclude Include="_Light.h">
      <Filter>Header Files\Light</Filter>
    </ClInclude>
    <ClInclude Include="ModelComponent.h">
      <Filter>Header Files\Model</Filter>
    </ClInclude>
    <ClInclude Include="LightComponent.h">
      <Filter>Header Files\Light</Filter>
    </ClInclude>
    <ClInclude Include="DirectionalLightComponent.h">
      <Filter>Header Files\Light</Filter>
    </ClInclude>
    <ClInclude Include="PointLightComponent.h">
      <Filter>Header Files\Light</Filter>
    </ClInclude>
    <ClInclude Include="SpotLightComponent.h">
      <Filter>Header Files\Light</Filter>
    </ClInclude>
    <ClInclude Include="SceneManager.h">
      <Filter>Header Files\Scene</Filter>
    </ClInclude>
    <ClInclude Include="_DesignPatterns.h">
      <Filter>Header Files\DesignPatterns</Filter>
    </ClInclude>
    <ClInclude Include="Singleton.h">
      <Filter>Header Files\DesignPatterns</Filter>
    </ClInclude>
    <ClInclude Include="ModelManager.h">
      <Filter>Header Files\Model</Filter>
    </ClInclude>
    <ClInclude Include="CameraComponent.h">
      <Filter>Header Files\Camera</Filter>
    </ClInclude>
    <ClInclude Include="_Camera.h">
      <Filter>Header Files\Camera</Filter>
    </ClInclude>
    <ClInclude Include="TextureManager.h">
      <Filter>Header Files\Texture</Filter>
    </ClInclude>
    <ClInclude Include="ShaderManager.h">
      <Filter>Header Files\Shader</Filter>
    </ClInclude>
    <ClInclude Include="MaterialManager.h">
      <Filter>Header Files\Shader</Filter>
    </ClInclude>
    <ClInclude Include="Package.h">
      <Filter>Header Files\Scene</Filter>
    </ClInclude>
    <ClInclude Include="PackageManager.h">
      <Filter>Header Files\Scene</Filter>
    </ClInclude>
    <ClInclude Include="Level.h">
      <Filter>Header Files\Scene</Filter>
    </ClInclude>
    <ClInclude Include="LevelManager.h">
      <Filter>Header Files\Scene</Filter>
    </ClInclude>
    <ClInclude Include="OpenGLWidget.h">
      <Filter>Header Files\QtInterface</Filter>
    </ClInclude>
    <ClInclude Include="MainWindow.h">
      <Filter>Header Files\QtInterface</Filter>
    </ClInclude>
    <ClInclude Include="ModelBuilder.h">
      <Filter>Header Files\Model</Filter>
    </ClInclude>
    <ClInclude Include="OglDevTut03.h">
      <Filter>Tests\OglDevTut03\Header Files</Filter>
    </ClInclude>
    <ClInclude Include="LightController.h">
      <Filter>Header Files\Light</Filter>
    </ClInclude>
    <ClInclude Include="ModelController.h">
      <Filter>Header Files\Model</Filter>
    </ClInclude>
  </ItemGroup>
  <ItemGroup>
    <None Include="Simple_VS.glsl">
      <Filter>Tests\OglDevTut03\Shaders</Filter>
    </None>
    <None Include="Simple_PS.glsl">
      <Filter>Tests\OglDevTut03\Shaders</Filter>
    </None>
    <None Include="BasicVertexShader.glsl">
      <Filter>Shader Files\Vertex Shader</Filter>
    </None>
    <None Include="PhongBlinnSimple.glsl">
      <Filter>Shader Files\Fragment Shader</Filter>
    </None>
  </ItemGroup>
</Project>