<?xml version="1.0" encoding="utf-8"?>
<Project ToolsVersion="4.0" xmlns="http://schemas.microsoft.com/developer/msbuild/2003">
  <ItemGroup>
    <Filter Include="Source Files">
      <UniqueIdentifier>{4FC737F1-C7A5-4376-A066-2A32D752A2FF}</UniqueIdentifier>
      <Extensions>cpp;c;cc;cxx;def;odl;idl;hpj;bat;asm;asmx</Extensions>
    </Filter>
    <Filter Include="Header Files">
      <UniqueIdentifier>{93995380-89BD-4b04-88EB-625FBE52EBFB}</UniqueIdentifier>
      <Extensions>h;hpp;hxx;hm;inl;inc;xsd</Extensions>
    </Filter>
    <Filter Include="Resource Files">
      <UniqueIdentifier>{67DA6AB6-F800-4c08-8B7A-83BB121AAD01}</UniqueIdentifier>
      <Extensions>rc;ico;cur;bmp;dlg;rc2;rct;bin;rgs;gif;jpg;jpeg;jpe;resx;tiff;tif;png;wav;mfcribbon-ms</Extensions>
    </Filter>
    <Filter Include="Source Files\Animations">
      <UniqueIdentifier>{76368751-0a43-46ec-8273-8ef62c3080a5}</UniqueIdentifier>
    </Filter>
    <Filter Include="Source Files\Simulations">
      <UniqueIdentifier>{ed20d4e4-12e5-4bf3-9b1e-af33dc2eaa81}</UniqueIdentifier>
    </Filter>
    <Filter Include="Source Files\Models">
      <UniqueIdentifier>{479b40a3-9f35-41c0-be27-37ab287c887c}</UniqueIdentifier>
    </Filter>
    <Filter Include="Source Files\Textures">
      <UniqueIdentifier>{d68f7eeb-39c3-4ab5-909e-190b301204af}</UniqueIdentifier>
    </Filter>
    <Filter Include="Header Files\Animations">
      <UniqueIdentifier>{2e5fffe3-ebbc-4091-96f2-667b841f0782}</UniqueIdentifier>
    </Filter>
    <Filter Include="Header Files\Models">
      <UniqueIdentifier>{f4146294-cc39-4ce1-9a6d-2c17115ff740}</UniqueIdentifier>
    </Filter>
    <Filter Include="Source Files\Scene">
      <UniqueIdentifier>{94e4d695-b968-4cc5-83f5-dc948045eb2f}</UniqueIdentifier>
    </Filter>
    <Filter Include="Header Files\Scene">
      <UniqueIdentifier>{f1abdec3-1607-444f-8e26-9154287c1677}</UniqueIdentifier>
    </Filter>
    <Filter Include="Header Files\Simulations">
      <UniqueIdentifier>{688d9d9e-f864-420e-aacf-2f30c23faf33}</UniqueIdentifier>
    </Filter>
    <Filter Include="Header Files\Textures">
      <UniqueIdentifier>{26f732b7-d9a4-4a66-a9a9-d76c9638edf1}</UniqueIdentifier>
    </Filter>
    <Filter Include="Header Files\Utility">
      <UniqueIdentifier>{ad2f7a65-15f5-4ab0-b39a-c690e718f299}</UniqueIdentifier>
    </Filter>
    <Filter Include="Source Files\Utility">
      <UniqueIdentifier>{bf057f14-e032-400b-a3e3-1a47e749391e}</UniqueIdentifier>
    </Filter>
    <Filter Include="Resource Files\Shaders">
      <UniqueIdentifier>{12876800-0e0c-46f2-be4a-078810d2c3ac}</UniqueIdentifier>
    </Filter>
    <Filter Include="Header Files\Input">
      <UniqueIdentifier>{74699446-4d24-4e04-9cdb-3df08e3a4f0a}</UniqueIdentifier>
    </Filter>
    <Filter Include="Source Files\Input">
      <UniqueIdentifier>{842ef892-b85b-4fd0-add8-b268dc588a5a}</UniqueIdentifier>
    </Filter>
    <Filter Include="Header Files\Model Generation">
      <UniqueIdentifier>{b6a0ded6-0a7a-4cb3-8fd5-ffdd031b6ab8}</UniqueIdentifier>
    </Filter>
    <Filter Include="Source Files\Model Generation">
      <UniqueIdentifier>{165151b1-4d76-424f-bd9c-de62802e3efb}</UniqueIdentifier>
    </Filter>
    <Filter Include="Resource Files\Scenes">
      <UniqueIdentifier>{44578dfe-305b-4e93-9fe7-2d10adcb4796}</UniqueIdentifier>
    </Filter>
    <Filter Include="Header Files\Shaders">
      <UniqueIdentifier>{a6480419-9aa0-4bf7-8a58-f5298b0cce69}</UniqueIdentifier>
    </Filter>
    <Filter Include="Source Files\Shaders">
      <UniqueIdentifier>{7064979b-d39e-4440-839f-f09e17edb729}</UniqueIdentifier>
    </Filter>
    <Filter Include="Header Files\Lighting">
      <UniqueIdentifier>{f2d65c28-aa69-4f27-b35e-a57d64cdea60}</UniqueIdentifier>
    </Filter>
  </ItemGroup>
  <ItemGroup>
    <ClCompile Include="main.cpp">
      <Filter>Source Files</Filter>
    </ClCompile>
    <ClCompile Include="Animation.cpp">
      <Filter>Source Files\Animations</Filter>
    </ClCompile>
    <ClCompile Include="Keyframe.cpp">
      <Filter>Source Files\Animations</Filter>
    </ClCompile>
    <ClCompile Include="MaterialPoint.cpp">
      <Filter>Source Files\Simulations</Filter>
    </ClCompile>
    <ClCompile Include="ModelManager.cpp">
      <Filter>Source Files\Models</Filter>
    </ClCompile>
    <ClCompile Include="Texture.cpp">
      <Filter>Source Files\Textures</Filter>
    </ClCompile>
    <ClCompile Include="TextureManager.cpp">
      <Filter>Source Files\Textures</Filter>
    </ClCompile>
    <ClCompile Include="Collision.cpp">
      <Filter>Source Files\Simulations</Filter>
    </ClCompile>
    <ClCompile Include="PhysicsManager.cpp">
      <Filter>Source Files\Simulations</Filter>
    </ClCompile>
    <ClCompile Include="CollisionManager.cpp">
      <Filter>Source Files\Simulations</Filter>
    </ClCompile>
    <ClCompile Include="Camera.cpp">
      <Filter>Source Files\Scene</Filter>
    </ClCompile>
    <ClCompile Include="Door.cpp">
      <Filter>Source Files\Scene</Filter>
    </ClCompile>
    <ClCompile Include="GameObject.cpp">
      <Filter>Source Files\Scene</Filter>
    </ClCompile>
    <ClCompile Include="Scene.cpp">
      <Filter>Source Files\Scene</Filter>
    </ClCompile>
    <ClCompile Include="wavefront.cpp">
      <Filter>Source Files\Models</Filter>
    </ClCompile>
    <ClCompile Include="Structs.cpp">
      <Filter>Source Files\Utility</Filter>
    </ClCompile>
    <ClCompile Include="InputManager.cpp">
      <Filter>Source Files\Input</Filter>
    </ClCompile>
    <ClCompile Include="generatePlane.cpp">
      <Filter>Source Files\Model Generation</Filter>
    </ClCompile>
    <ClCompile Include="generateTriangle.cpp">
      <Filter>Source Files\Model Generation</Filter>
    </ClCompile>
    <ClCompile Include="Shader.cpp">
      <Filter>Source Files\Shaders</Filter>
    </ClCompile>
    <ClCompile Include="Material.cpp">
      <Filter>Source Files\Shaders</Filter>
    </ClCompile>
    <ClCompile Include="generateCube.cpp">
      <Filter>Source Files\Model Generation</Filter>
    </ClCompile>
    <ClCompile Include="generateCone.cpp">
      <Filter>Source Files\Model Generation</Filter>
    </ClCompile>
    <ClCompile Include="generateTorus.cpp">
      <Filter>Source Files\Model Generation</Filter>
    </ClCompile>
    <ClCompile Include="generateSphere.cpp">
      <Filter>Source Files\Model Generation</Filter>
    </ClCompile>
    <ClCompile Include="generateCylinder.cpp">
      <Filter>Source Files\Model Generation</Filter>
    </ClCompile>
    <ClCompile Include="Model.cpp">
      <Filter>Source Files\Models</Filter>
    </ClCompile>
    <ClCompile Include="ModelComponent.cpp">
      <Filter>Source Files\Models</Filter>
    </ClCompile>
    <ClCompile Include="Component.cpp">
      <Filter>Source Files\Scene</Filter>
    </ClCompile>
    <ClCompile Include="RenderComponent.cpp">
      <Filter>Source Files\Scene</Filter>
    </ClCompile>
  </ItemGroup>
  <ItemGroup>
    <ClInclude Include="Animation.h">
      <Filter>Header Files\Animations</Filter>
    </ClInclude>
    <ClInclude Include="Keyframe.h">
      <Filter>Header Files\Animations</Filter>
    </ClInclude>
    <ClInclude Include="Animations_header.h">
      <Filter>Header Files\Animations</Filter>
    </ClInclude>
    <ClInclude Include="ModelManager.h">
      <Filter>Header Files\Models</Filter>
    </ClInclude>
    <ClInclude Include="Models_header.h">
      <Filter>Header Files\Models</Filter>
    </ClInclude>
    <ClInclude Include="Camera.h">
      <Filter>Header Files\Scene</Filter>
    </ClInclude>
    <ClInclude Include="Door.h">
      <Filter>Header Files\Scene</Filter>
    </ClInclude>
    <ClInclude Include="GameObject.h">
      <Filter>Header Files\Scene</Filter>
    </ClInclude>
    <ClInclude Include="Scene.h">
      <Filter>Header Files\Scene</Filter>
    </ClInclude>
    <ClInclude Include="Scene_header.h">
      <Filter>Header Files\Scene</Filter>
    </ClInclude>
    <ClInclude Include="Simulations_header.h">
      <Filter>Header Files\Simulations</Filter>
    </ClInclude>
    <ClInclude Include="Collision.h">
      <Filter>Header Files\Simulations</Filter>
    </ClInclude>
    <ClInclude Include="CollisionManager.h">
      <Filter>Header Files\Simulations</Filter>
    </ClInclude>
    <ClInclude Include="MaterialPoint.h">
      <Filter>Header Files\Simulations</Filter>
    </ClInclude>
    <ClInclude Include="PhysicsManager.h">
      <Filter>Header Files\Simulations</Filter>
    </ClInclude>
    <ClInclude Include="Texture.h">
      <Filter>Header Files\Textures</Filter>
    </ClInclude>
    <ClInclude Include="TextureManager.h">
      <Filter>Header Files\Textures</Filter>
    </ClInclude>
    <ClInclude Include="Textures_header.h">
      <Filter>Header Files\Textures</Filter>
    </ClInclude>
    <ClInclude Include="wavefront.h">
      <Filter>Header Files\Models</Filter>
    </ClInclude>
    <ClInclude Include="Utility_header.h">
      <Filter>Header Files\Utility</Filter>
    </ClInclude>
    <ClInclude Include="Structs.h">
      <Filter>Header Files\Utility</Filter>
    </ClInclude>
    <ClInclude Include="Input_header.h">
      <Filter>Header Files\Input</Filter>
    </ClInclude>
    <ClInclude Include="InputManager.h">
      <Filter>Header Files\Input</Filter>
    </ClInclude>
    <ClInclude Include="ModelGeneration_header.h">
      <Filter>Header Files\Model Generation</Filter>
    </ClInclude>
    <ClInclude Include="Shaders_header.h">
      <Filter>Header Files\Shaders</Filter>
    </ClInclude>
    <ClInclude Include="Shader.h">
      <Filter>Header Files\Shaders</Filter>
    </ClInclude>
    <ClInclude Include="ShaderManager.h">
      <Filter>Header Files\Shaders</Filter>
    </ClInclude>
    <ClInclude Include="Material.h">
      <Filter>Header Files\Shaders</Filter>
    </ClInclude>
    <ClInclude Include="MaterialManager.h">
      <Filter>Header Files\Shaders</Filter>
    </ClInclude>
    <ClInclude Include="Lighting_header.h">
      <Filter>Header Files\Lighting</Filter>
    </ClInclude>
    <ClInclude Include="LightComponent.h">
      <Filter>Header Files\Lighting</Filter>
    </ClInclude>
    <ClInclude Include="DirectionalLightComponent.h">
      <Filter>Header Files\Lighting</Filter>
    </ClInclude>
    <ClInclude Include="Component.h">
      <Filter>Header Files\Scene</Filter>
    </ClInclude>
    <ClInclude Include="RenderComponent.h">
      <Filter>Header Files\Scene</Filter>
    </ClInclude>
    <ClInclude Include="Model.h">
      <Filter>Header Files\Models</Filter>
    </ClInclude>
    <ClInclude Include="ModelComponent.h">
      <Filter>Header Files\Models</Filter>
    </ClInclude>
  </ItemGroup>
  <ItemGroup>
    <None Include="ClassDiagram.cd" />
    <None Include="shader\basic_proj.vert.glsl">
      <Filter>Resource Files\Shaders</Filter>
    </None>
    <None Include="shader\phong.frag.glsl">
      <Filter>Resource Files\Shaders</Filter>
    </None>
    <None Include="shader\phongSpec.frag.glsl">
      <Filter>Resource Files\Shaders</Filter>
    </None>
    <None Include="shader\phongTex.frag.glsl">
      <Filter>Resource Files\Shaders</Filter>
    </None>
    <None Include="shader\texture_multi_proj.frag.glsl">
      <Filter>Resource Files\Shaders</Filter>
    </None>
    <None Include="Test Level.xml">
      <Filter>Resource Files\Scenes</Filter>
    </None>
    <None Include="PixelShader.glsl">
      <Filter>Resource Files\Shaders</Filter>
    </None>
    <None Include="shader\basicVS.vert.glsl">
      <Filter>Resource Files\Shaders</Filter>
    </None>
    <None Include="shader\cooktorrance.frag.glsl">
      <Filter>Resource Files\Shaders</Filter>
    </None>
    <None Include="phongblinn.frag.glsl">
      <Filter>Resource Files\Shaders</Filter>
    </None>
    <None Include="shader\blinn.frag.glsl">
      <Filter>Resource Files\Shaders</Filter>
    </None>
    <None Include="shader\strauss.frag.glsl">
      <Filter>Resource Files\Shaders</Filter>
    </None>
    <None Include="shader\wardIsotropic.frag.glsl">
      <Filter>Resource Files\Shaders</Filter>
    </None>
    <None Include="shader\bumpVS.vert.glsl">
      <Filter>Resource Files\Shaders</Filter>
    </None>
    <None Include="shader\phongblinnbump.frag.glsl">
      <Filter>Resource Files\Shaders</Filter>
    </None>
  </ItemGroup>
</Project>